{
  "name": "lanpm-formjs-plugin-deps",
  "version": "0.2.0",
  "lockfileVersion": 3,
  "requires": true,
  "packages": {
    "": {
      "name": "lanpm-formjs-plugin-deps",
      "version": "0.2.0",
      "dependencies": {
        "@bpmn-io/form-js": "^1.24.1"
      }
    },
    "node_modules/@bpmn-io/cm-theme": {
      "version": "0.2.2",
      "resolved": "https://registry.npmmirror.com/@bpmn-io/cm-theme/-/cm-theme-0.2.2.tgz",
      "integrity": "sha512-9mD7fzzNDNBgseOUC6iRX4mi17LIO2es4zkcHt4e4owQC2Q3YPvqJTJaXqc7kkItloSFsqG2j/1iMJkpvjLv2A==",
      "license": "MIT",
      "dependencies": {
        "@codemirror/language": "^6.12.3",
        "@lezer/highlight": "^1.2.3"
      },
      "engines": {
        "node": ">= 20.12.0"
      },
      "peerDependencies": {
        "@codemirror/state": "^6.0.0",
        "@codemirror/view": "^6.0.0"
      }
    },
    "node_modules/@bpmn-io/draggle": {
      "version": "4.1.2",
      "resolved": "https://registry.npmmirror.com/@bpmn-io/draggle/-/draggle-4.1.2.tgz",
      "integrity": "sha512-k7Al5tZA5GZ6KvrsuJ+PFleB3y9WUgEr4KErD6t82Uw1SMn6IK3dXFLhwLxxzga4IrmTGke7wZWdqg6vGOxoTw==",
      "license": "MIT",
      "dependencies": {
        "contra": "^1.9.4"
      }
    },
    "node_modules/@bpmn-io/feel-analyzer": {
      "version": "0.5.0",
      "resolved": "https://registry.npmmirror.com/@bpmn-io/feel-analyzer/-/feel-analyzer-0.5.0.tgz",
      "integrity": "sha512-g1H9MMkVH94fl0Hz2MiZ+AU2hnVTL+qsz8MvXx9xz+lBgBSp3tY342Vrxrzt36H8QqE4fn9noJc1emNA9BE3Dg==",
      "license": "MIT",
      "dependencies": {
        "@bpmn-io/lezer-feel": "^3.0.1",
        "@lezer/common": "^1.5.2"
      },
      "engines": {
        "node": ">= 20"
      }
    },
    "node_modules/@bpmn-io/feel-analyzer/node_modules/@bpmn-io/lezer-feel": {
      "version": "3.0.1",
      "resolved": "https://registry.npmmirror.com/@bpmn-io/lezer-feel/-/lezer-feel-3.0.1.tgz",
      "integrity": "sha512-+wWg4DP2h8WOEQx2Bz51blsw9dCqKj3kIDKYccABuoAEhzZeDhmm0A2k4ANmm9lf0w5pJmVSYz2djtrbzOvzzA==",
      "license": "MIT",
      "dependencies": {
        "@lezer/highlight": "^1.2.3",
        "@lezer/lr": "^1.4.10",
        "min-dash": "^5.0.0"
      },
      "engines": {
        "node": ">= 20.12.0"
      }
    },
    "node_modules/@bpmn-io/feel-editor": {
      "version": "2.6.0",
      "resolved": "https://registry.npmmirror.com/@bpmn-io/feel-editor/-/feel-editor-2.6.0.tgz",
      "integrity": "sha512-rI7vFBATeKJVi/KpkfxnclTObAvQGYda0l5eKhNwGIJ8D3+aPQlgdNtxJATX1keXVkqsA1Q/+Yn8Ih+dnC0NMw==",
      "license": "MIT",
      "dependencies": {
        "@bpmn-io/feel-lint": "^3.1.0",
        "@bpmn-io/lang-feel": "^4.0.2",
        "@camunda/feel-builtins": "^1.2.0",
        "@codemirror/autocomplete": "^6.20.0",
        "@codemirror/commands": "^6.10.3",
        "@codemirror/language": "^6.11.3",
        "@codemirror/lint": "^6.9.7",
        "@codemirror/state": "^6.6.0",
        "@codemirror/view": "^6.43.1",
        "@lezer/highlight": "^1.2.3",
        "min-dom": "^5.3.0",
        "mitt": "^3.0.1"
      },
      "engines": {
        "node": ">= 20"
      },
      "peerDependencies": {
        "@bpmn-io/cm-theme": "^0.2.0"
      }
    },
    "node_modules/@bpmn-io/feel-lint": {
      "version": "3.2.0",
      "resolved": "https://registry.npmmirror.com/@bpmn-io/feel-lint/-/feel-lint-3.2.0.tgz",
      "integrity": "sha512-f9xe7VNjdZ0kDzWeALmDEWXm7KtAzVSeLVESAhBZGxTbyGzbTGubRfl2cXMN+E/U0oFEcQDuxF0A1tD02DXiLw==",
      "license": "MIT",
      "dependencies": {
        "@bpmn-io/feel-analyzer": "^0.5.0",
        "@bpmn-io/lezer-feel": "^3.0.0",
        "@bpmn-io/semver-compat": "^0.1.0",
        "@codemirror/language": "^6.12.1"
      },
      "engines": {
        "node": "*"
      }
    },
    "node_modules/@bpmn-io/feel-lint/node_modules/@bpmn-io/lezer-feel": {
      "version": "3.0.1",
      "resolved": "https://registry.npmmirror.com/@bpmn-io/lezer-feel/-/lezer-feel-3.0.1.tgz",
      "integrity": "sha512-+wWg4DP2h8WOEQx2Bz51blsw9dCqKj3kIDKYccABuoAEhzZeDhmm0A2k4ANmm9lf0w5pJmVSYz2djtrbzOvzzA==",
      "license": "MIT",
      "dependencies": {
        "@lezer/highlight": "^1.2.3",
        "@lezer/lr": "^1.4.10",
        "min-dash": "^5.0.0"
      },
      "engines": {
        "node": ">= 20.12.0"
      }
    },
    "node_modules/@bpmn-io/feelers-editor": {
      "version": "1.1.1",
      "resolved": "https://registry.npmmirror.com/@bpmn-io/feelers-editor/-/feelers-editor-1.1.1.tgz",
      "integrity": "sha512-HNvssf1nb/OohOgFxxR0hWIpIb8JBvmr2CQ28GD/5WLPKe3uvu9mpItIjNTCpLxLuVHlsJLNDtLkf2B6tvmt9Q==",
      "license": "MIT",
      "dependencies": {
        "@bpmn-io/feelers-lint": "^1.0.0",
        "@bpmn-io/lang-feelers": "^1.0.0",
        "@codemirror/autocomplete": "^6.20.0",
        "@codemirror/commands": "^6.10.1",
        "@codemirror/language": "^6.12.1",
        "@codemirror/lint": "^6.9.3",
        "@codemirror/state": "^6.5.4",
        "@codemirror/view": "^6.39.12",
        "@lezer/common": "^1.5.1",
        "@lezer/html": "^1.3.13",
        "@lezer/markdown": "^1.6.3",
        "min-dom": "^5.2.0",
        "mitt": "^3.0.1"
      },
      "peerDependencies": {
        "@bpmn-io/cm-theme": "^0.2.1"
      }
    },
    "node_modules/@bpmn-io/feelers-lint": {
      "version": "1.0.0",
      "resolved": "https://registry.npmmirror.com/@bpmn-io/feelers-lint/-/feelers-lint-1.0.0.tgz",
      "integrity": "sha512-9McPCub8NBSD3gbAM9fu6laGVvb6U/D8Y5Ar/GGvOaAuJ6W34yP5jaV/on4MALTwmmXTDadZjO2RJJNub3JmwQ==",
      "license": "MIT",
      "dependencies": {
        "@bpmn-io/feel-lint": "^3.1.0",
        "@codemirror/language": "^6.12.1",
        "@codemirror/lint": "^6.9.3"
      }
    },
    "node_modules/@bpmn-io/feelin": {
      "version": "6.1.0",
      "resolved": "https://registry.npmmirror.com/@bpmn-io/feelin/-/feelin-6.1.0.tgz",
      "integrity": "sha512-nqmmlHRD9tl0ZcpYTEkZdpc/rAMoYc+ct0SOg9fFIFWRaEApme3DuXC7v9AMA5g+upGCKd6cUc3t97y+unpfMw==",
      "license": "MIT",
      "dependencies": {
        "@bpmn-io/lezer-feel": "^2.1.0",
        "@lezer/common": "^1.5.0",
        "luxon": "^3.7.2",
        "min-dash": "^5.0.0"
      },
      "engines": {
        "node": ">= 20.12.0"
      }
    },
    "node_modules/@bpmn-io/form-js": {
      "version": "1.24.1",
      "resolved": "https://registry.npmmirror.com/@bpmn-io/form-js/-/form-js-1.24.1.tgz",
      "integrity": "sha512-HXGd7MXAZT9+6tdjZ88iqPkvRW1XCBF7xlR+YjqQYQE2Gw/dC0sHXzv/JIT8+hBOt2mp3uBgc7edUsKneVrI2w==",
      "license": "SEE LICENSE IN LICENSE",
      "dependencies": {
        "@bpmn-io/form-js-carbon-styles": "1.24.1",
        "@bpmn-io/form-js-editor": "1.24.1",
        "@bpmn-io/form-js-playground": "1.24.1",
        "@bpmn-io/form-js-viewer": "1.24.1"
      }
    },
    "node_modules/@bpmn-io/form-js-carbon-styles": {
      "version": "1.24.1",
      "resolved": "https://registry.npmmirror.com/@bpmn-io/form-js-carbon-styles/-/form-js-carbon-styles-1.24.1.tgz",
      "integrity": "sha512-+U1U9WnQol4L3FNAuiZpWSlPWjfWu+FaBl18pFA2Mrj5QN5zj/IU6VYrrVs34vhczZsSA3oa0AnXZ3dDIGQiVg==",
      "license": "SEE LICENSE IN LICENSE"
    },
    "node_modules/@bpmn-io/form-js-editor": {
      "version": "1.24.1",
      "resolved": "https://registry.npmmirror.com/@bpmn-io/form-js-editor/-/form-js-editor-1.24.1.tgz",
      "integrity": "sha512-3EvBiGqn9rGkFr9yHStu2u3XGVUEzokhQASKa7OI/PXnsJvvykJ1wLFRL3GvlxADI/Lo3jQxUvcvJj/gYFZusw==",
      "license": "SEE LICENSE IN LICENSE",
      "dependencies": {
        "@bpmn-io/draggle": "^4.1.2",
        "@bpmn-io/form-js-viewer": "1.24.1",
        "@bpmn-io/properties-panel": "^3.47.0",
        "array-move": "^4.0.0",
        "big.js": "^7.0.1",
        "ids": "^3.0.2",
        "min-dash": "^5.1.0",
        "min-dom": "^5.3.0",
        "preact": "^10.29.5"
      }
    },
    "node_modules/@bpmn-io/form-js-playground": {
      "version": "1.24.1",
      "resolved": "https://registry.npmmirror.com/@bpmn-io/form-js-playground/-/form-js-playground-1.24.1.tgz",
      "integrity": "sha512-5CaNanp5u/WRxKiqaFvjLn8jvRCdUoZDeI1dBcFzWFCwnbUD9qg88WFHQ/ljWfLRyQRLPd151MkcwU6hlQJ8TA==",
      "license": "SEE LICENSE IN LICENSE",
      "dependencies": {
        "@bpmn-io/cm-theme": "^0.2.2",
        "@bpmn-io/form-js-editor": "1.24.1",
        "@bpmn-io/form-js-viewer": "1.24.1",
        "@codemirror/autocomplete": "^6.20.0",
        "@codemirror/commands": "^6.10.1",
        "@codemirror/lang-json": "^6.0.2",
        "@codemirror/language": "^6.12.1",
        "@codemirror/lint": "^6.9.3",
        "@codemirror/state": "^6.5.4",
        "@codemirror/view": "^6.39.12",
        "classnames": "^2.5.1",
        "codemirror": "^6.0.2",
        "downloadjs": "^1.4.7",
        "file-drops": "^0.7.0",
        "mitt": "^3.0.1",
        "preact": "^10.29.5"
      }
    },
    "node_modules/@bpmn-io/form-js-viewer": {
      "version": "1.24.1",
      "resolved": "https://registry.npmmirror.com/@bpmn-io/form-js-viewer/-/form-js-viewer-1.24.1.tgz",
      "integrity": "sha512-XH4PaYg4o1oo9/yOWotvdP5cfZgUuRz63eccsLOBKSeyeXQubW3sHk5PSjKjZKUdWvjbI+7HGANHSyLawBaBBQ==",
      "license": "SEE LICENSE IN LICENSE",
      "dependencies": {
        "@bpmn-io/feelin": "^6.1.0",
        "@carbon/grid": "^11.49.0",
        "big.js": "^7.0.1",
        "classnames": "^2.5.1",
        "didi": "^11.0.0",
        "dompurify": "^3.4.11",
        "feelers": "^3.1.0",
        "flatpickr": "^4.6.13",
        "ids": "^3.0.2",
        "lodash": "^4.18.1",
        "luxon": "^3.7.2",
        "marked": "^18.0.3",
        "min-dash": "^5.1.0",
        "preact": "^10.29.5"
      }
    },
    "node_modules/@bpmn-io/lang-feel": {
      "version": "4.0.2",
      "resolved": "https://registry.npmmirror.com/@bpmn-io/lang-feel/-/lang-feel-4.0.2.tgz",
      "integrity": "sha512-rTPeJ77/2nYKbJXpvDmrNXy+opoIpD3Rsch0grCUZAO6xF68r41QeV8SqOdr2yZxD/4gI6YXlQhqh4rqFRDJXA==",
      "license": "MIT",
      "dependencies": {
        "@bpmn-io/lezer-feel": "^3.0.1",
        "@codemirror/autocomplete": "^6.20.3",
        "@codemirror/language": "^6.12.3",
        "@lezer/common": "^1.5.2"
      },
      "engines": {
        "node": ">= 20.12.0"
      }
    },
    "node_modules/@bpmn-io/lang-feel/node_modules/@bpmn-io/lezer-feel": {
      "version": "3.0.1",
      "resolved": "https://registry.npmmirror.com/@bpmn-io/lezer-feel/-/lezer-feel-3.0.1.tgz",
      "integrity": "sha512-+wWg4DP2h8WOEQx2Bz51blsw9dCqKj3kIDKYccABuoAEhzZeDhmm0A2k4ANmm9lf0w5pJmVSYz2djtrbzOvzzA==",
      "license": "MIT",
      "dependencies": {
        "@lezer/highlight": "^1.2.3",
        "@lezer/lr": "^1.4.10",
        "min-dash": "^5.0.0"
      },
      "engines": {
        "node": ">= 20.12.0"
      }
    },
    "node_modules/@bpmn-io/lang-feelers": {
      "version": "1.0.0",
      "resolved": "https://registry.npmmirror.com/@bpmn-io/lang-feelers/-/lang-feelers-1.0.0.tgz",
      "integrity": "sha512-VgBDw9cXr62e6Qs6LixQyLiBxxv7Kh8fxKFkYCmHPf/cO8beLQGjnF789wRlhK05yh/CuHi7oN7EYChrFQOHwg==",
      "license": "MIT",
      "dependencies": {
        "@bpmn-io/lezer-feel": "^3.0.0",
        "@bpmn-io/lezer-feelers": "^1.0.0",
        "@codemirror/language": "^6.12.1",
        "@lezer/common": "^1.5.1"
      }
    },
    "node_modules/@bpmn-io/lang-feelers/node_modules/@bpmn-io/lezer-feel": {
      "version": "3.0.1",
      "resolved": "https://registry.npmmirror.com/@bpmn-io/lezer-feel/-/lezer-feel-3.0.1.tgz",
      "integrity": "sha512-+wWg4DP2h8WOEQx2Bz51blsw9dCqKj3kIDKYccABuoAEhzZeDhmm0A2k4ANmm9lf0w5pJmVSYz2djtrbzOvzzA==",
      "license": "MIT",
      "dependencies": {
        "@lezer/highlight": "^1.2.3",
        "@lezer/lr": "^1.4.10",
        "min-dash": "^5.0.0"
      },
      "engines": {
        "node": ">= 20.12.0"
      }
    },
    "node_modules/@bpmn-io/lezer-feel": {
      "version": "2.5.0",
      "resolved": "https://registry.npmmirror.com/@bpmn-io/lezer-feel/-/lezer-feel-2.5.0.tgz",
      "integrity": "sha512-09JlwNYeD5YYeFrl0dIFfgQKEL+NNiTyUwEtdcPhfftz1mYa7z+ylOPCv/8Z0GqG7X81uyMFvRZDFCRBFTiUPg==",
      "license": "MIT",
      "dependencies": {
        "@lezer/highlight": "^1.2.3",
        "@lezer/lr": "^1.4.10",
        "min-dash": "^5.0.0"
      },
      "engines": {
        "node": ">= 20.12.0"
      }
    },
    "node_modules/@bpmn-io/lezer-feelers": {
      "version": "1.0.0",
      "resolved": "https://registry.npmmirror.com/@bpmn-io/lezer-feelers/-/lezer-feelers-1.0.0.tgz",
      "integrity": "sha512-P0znH2SY85O7RmOr/FgveFiTREet9DSCf3nH3J/StkI5i7Q384o+GEeTmv58n91FlUknS20KE3T8Yk5Qmab+hg==",
      "license": "MIT",
      "dependencies": {
        "@lezer/common": "^1.5.1",
        "@lezer/highlight": "^1.1.6",
        "@lezer/lr": "^1.4.8"
      }
    },
    "node_modules/@bpmn-io/properties-panel": {
      "version": "3.48.0",
      "resolved": "https://registry.npmmirror.com/@bpmn-io/properties-panel/-/properties-panel-3.48.0.tgz",
      "integrity": "sha512-Dzf2TvEZtQBO9lmX0yfW3QwAuUNnoe8ZGHUQanOkKscGyVpIjlToRlrAfuhxoOBV2yYesO/sMHHUSrJl23TL2Q==",
      "license": "MIT",
      "dependencies": {
        "@bpmn-io/feel-editor": "^2.6.0",
        "@bpmn-io/feelers-editor": "^1.0.0",
        "@codemirror/autocomplete": "^6.18.6",
        "@codemirror/commands": "^6.10.3",
        "@codemirror/lang-json": "^6.0.2",
        "@codemirror/language": "^6.11.0",
        "@codemirror/lint": "^6.9.5",
        "@codemirror/state": "^6.6.0",
        "@codemirror/view": "^6.28.1",
        "classnames": "^2.5.1",
        "focus-trap": "^8.0.0",
        "min-dash": "^5.0.0",
        "min-dom": "^5.3.0"
      },
      "engines": {
        "node": "*"
      }
    },
    "node_modules/@bpmn-io/semver-compat": {
      "version": "0.1.0",
      "resolved": "https://registry.npmmirror.com/@bpmn-io/semver-compat/-/semver-compat-0.1.0.tgz",
      "integrity": "sha512-hIcW42Ku92MUioL6aknDbRoW1jK8ZEqIe8qZZ+d3cjitDO+PMEFFXj/sezJYIHMe8elu4CBz9qpjkV8WIVG9qw==",
      "license": "MIT",
      "dependencies": {
        "semver": "^7.7.2"
      }
    },
    "node_modules/@camunda/feel-builtins": {
      "version": "1.4.0",
      "resolved": "https://registry.npmmirror.com/@camunda/feel-builtins/-/feel-builtins-1.4.0.tgz",
      "integrity": "sha512-G3jH5MRvF/3L9/h6fY1zn+kwgYgH7APa84p34jajSG9IVWPCIGpttVGyRTrnbsCI76C2QdPbR2AvOm3RaLzUJg==",
      "license": "MIT"
    },
    "node_modules/@carbon/grid": {
      "version": "11.59.0",
      "resolved": "https://registry.npmmirror.com/@carbon/grid/-/grid-11.59.0.tgz",
      "integrity": "sha512-sa+56qm1J/CZ2aGMeHRF9ui2YmmXBKdEvLtUV9W6t+ILub0e0/nS12HAEhbiuw8B0IqWjUpIQR6Lzaii6TcYSw==",
      "hasInstallScript": true,
      "license": "Apache-2.0",
      "dependencies": {
        "@carbon/layout": "^11.56.0",
        "@ibm/telemetry-js": "^1.5.0"
      }
    },
    "node_modules/@carbon/layout": {
      "version": "11.56.0",
      "resolved": "https://registry.npmmirror.com/@carbon/layout/-/layout-11.56.0.tgz",
      "integrity": "sha512-61XxRnFkJdfSmsr30smEexrVOfHFZIzBPlTtW65CkRx8edAakc2eapxrW1sKFIfYQJildWPi7CivAvjA3cnlUg==",
      "hasInstallScript": true,
      "license": "Apache-2.0",
      "dependencies": {
        "@ibm/telemetry-js": "^1.5.0"
      }
    },
    "node_modules/@codemirror/autocomplete": {
      "version": "6.20.3",
      "resolved": "https://registry.npmmirror.com/@codemirror/autocomplete/-/autocomplete-6.20.3.tgz",
      "integrity": "sha512-tlosUqb+3BbxCxZdu4tKeRghPFC+QM7q4X5YhKV2eCmPG+1r2F3f4AaSz5sCrFqUtX4Jh20VFTKecl16MgiV9g==",
      "license": "MIT",
      "dependencies": {
        "@codemirror/language": "^6.0.0",
        "@codemirror/state": "^6.0.0",
        "@codemirror/view": "^6.17.0",
        "@lezer/common": "^1.0.0"
      }
    },
    "node_modules/@codemirror/commands": {
      "version": "6.10.4",
      "resolved": "https://registry.npmmirror.com/@codemirror/commands/-/commands-6.10.4.tgz",
      "integrity": "sha512-Ryk9y9T0FFVF0cUGhAknveAyUOl/A1qReTFi+qPKtOh2Z9F4AUBz3XOrYD4ZEgZirdugVzHvd/2/Wcwy5OliTg==",
      "license": "MIT",
      "dependencies": {
        "@codemirror/language": "^6.0.0",
        "@codemirror/state": "^6.7.0",
        "@codemirror/view": "^6.27.0",
        "@lezer/common": "^1.1.0"
      }
    },
    "node_modules/@codemirror/lang-json": {
      "version": "6.0.2",
      "resolved": "https://registry.npmmirror.com/@codemirror/lang-json/-/lang-json-6.0.2.tgz",
      "integrity": "sha512-x2OtO+AvwEHrEwR0FyyPtfDUiloG3rnVTSZV1W8UteaLL8/MajQd8DpvUb2YVzC+/T18aSDv0H9mu+xw0EStoQ==",
      "license": "MIT",
      "dependencies": {
        "@codemirror/language": "^6.0.0",
        "@lezer/json": "^1.0.0"
      }
    },
    "node_modules/@codemirror/language": {
      "version": "6.12.4",
      "resolved": "https://registry.npmmirror.com/@codemirror/language/-/language-6.12.4.tgz",
      "integrity": "sha512-1q4PaT+o6PbgpkJt4Q8Fv5XJxTy4FUZ4MWETtyiDw3J0Pyr9E2vqcKL+k9wcvjNTIsauxvE7OfmWj3FRPHQ76A==",
      "license": "MIT",
      "dependencies": {
        "@codemirror/state": "^6.0.0",
        "@codemirror/view": "^6.23.0",
        "@lezer/common": "^1.5.0",
        "@lezer/highlight": "^1.0.0",
        "@lezer/lr": "^1.0.0",
        "style-mod": "^4.0.0"
      }
    },
    "node_modules/@codemirror/lint": {
      "version": "6.9.7",
      "resolved": "https://registry.npmmirror.com/@codemirror/lint/-/lint-6.9.7.tgz",
      "integrity": "sha512-28/+iWLYxKxsvGYhSYL7zaCZqLz5+FFFDq9tVsvGv9kv8RY4fFAchJ5WX9M3YrrRlTIsECjsXPqeNgnSmNP2dg==",
      "license": "MIT",
      "dependencies": {
        "@codemirror/state": "^6.0.0",
        "@codemirror/view": "^6.42.0",
        "crelt": "^1.0.5"
      }
    },
    "node_modules/@codemirror/search": {
      "version": "6.7.1",
      "resolved": "https://registry.npmmirror.com/@codemirror/search/-/search-6.7.1.tgz",
      "integrity": "sha512-uMe5UO6PamJtSHrXhhHOzSX3ReWtiJrva6GnPMwSOrZtiExb5X5eExhr2OUZQVvdxPsKpY3Ro2mFbQadpPWmHA==",
      "license": "MIT",
      "dependencies": {
        "@codemirror/state": "^6.0.0",
        "@codemirror/view": "^6.37.0",
        "crelt": "^1.0.5"
      }
    },
    "node_modules/@codemirror/state": {
      "version": "6.7.1",
      "resolved": "https://registry.npmmirror.com/@codemirror/state/-/state-6.7.1.tgz",
      "integrity": "sha512-9QzNDgE4EYDnAHfrTlR2lwiPciiOymLtwKK+8yHQzCc7GXhAP9xdEbEJFy2IWB1j9UGUl9BsgMmTo/ImA02T7A==",
      "license": "MIT",
      "dependencies": {
        "@marijn/find-cluster-break": "^1.0.0"
      }
    },
    "node_modules/@codemirror/view": {
      "version": "6.43.7",
      "resolved": "https://registry.npmmirror.com/@codemirror/view/-/view-6.43.7.tgz",
      "integrity": "sha512-FZsExxkoxnAN+d9TgqXLg5g4A1oQwzX9WlkOT5i2PKkcW7xx3Bmu0vs90g6fo9Mpdsb/l96dnAraQ8932aO4/g==",
      "license": "MIT",
      "dependencies": {
        "@codemirror/state": "^6.7.0",
        "crelt": "^1.0.6",
        "style-mod": "^4.1.0",
        "w3c-keyname": "^2.2.4"
      }
    },
    "node_modules/@ibm/telemetry-js": {
      "version": "1.11.0",
      "resolved": "https://registry.npmmirror.com/@ibm/telemetry-js/-/telemetry-js-1.11.0.tgz",
      "integrity": "sha512-RO/9j+URJnSfseWg9ZkEX9p+a3Ousd33DBU7rOafoZB08RqdzxFVYJ2/iM50dkBuD0o7WX7GYt1sLbNgCoE+pA==",
      "license": "Apache-2.0",
      "bin": {
        "ibmtelemetry": "dist/collect.js"
      }
    },
    "node_modules/@lezer/common": {
      "version": "1.5.2",
      "resolved": "https://registry.npmmirror.com/@lezer/common/-/common-1.5.2.tgz",
      "integrity": "sha512-sxQE460fPZyU3sdc8lafxiPwJHBzZRy/udNFynGQky1SePYBdhkBl1kOagA9uT3pxR8K09bOrmTUqA9wb/PjSQ==",
      "license": "MIT"
    },
    "node_modules/@lezer/highlight": {
      "version": "1.2.3",
      "resolved": "https://registry.npmmirror.com/@lezer/highlight/-/highlight-1.2.3.tgz",
      "integrity": "sha512-qXdH7UqTvGfdVBINrgKhDsVTJTxactNNxLk7+UMwZhU13lMHaOBlJe9Vqp907ya56Y3+ed2tlqzys7jDkTmW0g==",
      "license": "MIT",
      "dependencies": {
        "@lezer/common": "^1.3.0"
      }
    },
    "node_modules/@lezer/html": {
      "version": "1.3.13",
      "resolved": "https://registry.npmmirror.com/@lezer/html/-/html-1.3.13.tgz",
      "integrity": "sha512-oI7n6NJml729m7pjm9lvLvmXbdoMoi2f+1pwSDJkl9d68zGr7a9Btz8NdHTGQZtW2DA25ybeuv/SyDb9D5tseg==",
      "license": "MIT",
      "dependencies": {
        "@lezer/common": "^1.2.0",
        "@lezer/highlight": "^1.0.0",
        "@lezer/lr": "^1.0.0"
      }
    },
    "node_modules/@lezer/json": {
      "version": "1.0.3",
      "resolved": "https://registry.npmmirror.com/@lezer/json/-/json-1.0.3.tgz",
      "integrity": "sha512-BP9KzdF9Y35PDpv04r0VeSTKDeox5vVr3efE7eBbx3r4s3oNLfunchejZhjArmeieBH+nVOpgIiBJpEAv8ilqQ==",
      "license": "MIT",
      "dependencies": {
        "@lezer/common": "^1.2.0",
        "@lezer/highlight": "^1.0.0",
        "@lezer/lr": "^1.0.0"
      }
    },
    "node_modules/@lezer/lr": {
      "version": "1.4.10",
      "resolved": "https://registry.npmmirror.com/@lezer/lr/-/lr-1.4.10.tgz",
      "integrity": "sha512-rnCpTIBafOx4mRp43xOxDJbFipJm/c0cia/V5TiGlhmMa+wsSdoGmUN3w5Bqrks/09Q/D4tNAmWaT8p6NRi77A==",
      "license": "MIT",
      "dependencies": {
        "@lezer/common": "^1.0.0"
      }
    },
    "node_modules/@lezer/markdown": {
      "version": "1.7.2",
      "resolved": "https://registry.npmmirror.com/@lezer/markdown/-/markdown-1.7.2.tgz",
      "integrity": "sha512-iTkYvoVcKt3WkeL7qUDyXHONZEwLio4wj8KTNi2dnjQEXBZKMV63BpQrPqfsM+OkvuRbiSTAcycYAsQzLhRNoQ==",
      "license": "MIT",
      "dependencies": {
        "@lezer/common": "^1.5.0",
        "@lezer/highlight": "^1.0.0"
      }
    },
    "node_modules/@marijn/find-cluster-break": {
      "version": "1.0.3",
      "resolved": "https://registry.npmmirror.com/@marijn/find-cluster-break/-/find-cluster-break-1.0.3.tgz",
      "integrity": "sha512-FY+MKLBoTsLNJF/eLWaOsXGdz6uh3Iu1axjPf6TUq92IYumcTcXWHoS747JARLkcdlJ/Waiaxc5wQfFO8jC6NA==",
      "license": "MIT"
    },
    "node_modules/@types/trusted-types": {
      "version": "2.0.7",
      "resolved": "https://registry.npmmirror.com/@types/trusted-types/-/trusted-types-2.0.7.tgz",
      "integrity": "sha512-ScaPdn1dQczgbl0QFTeTOmVHFULt394XJgOQNoyVhZ6r2vLnMLJfBPd53SB52T/3G36VI1/g2MZaX0cwDuXsfw==",
      "license": "MIT",
      "optional": true
    },
    "node_modules/array-move": {
      "version": "4.0.0",
      "resolved": "https://registry.npmmirror.com/array-move/-/array-move-4.0.0.tgz",
      "integrity": "sha512-+RY54S8OuVvg94THpneQvFRmqWdAHeqtMzgMW6JNurHxe8rsS07cHQdfGkXnTUXiBcyZ0j3SiDIxxj0RPiqCkQ==",
      "license": "MIT",
      "engines": {
        "node": "^12.20.0 || ^14.13.1 || >=16.0.0"
      },
      "funding": {
        "url": "https://github.com/sponsors/sindresorhus"
      }
    },
    "node_modules/atoa": {
      "version": "1.0.0",
      "resolved": "https://registry.npmmirror.com/atoa/-/atoa-1.0.0.tgz",
      "integrity": "sha512-VVE1H6cc4ai+ZXo/CRWoJiHXrA1qfA31DPnx6D20+kSI547hQN5Greh51LQ1baMRMfxO5K5M4ImMtZbZt2DODQ==",
      "license": "MIT"
    },
    "node_modules/big.js": {
      "version": "7.0.1",
      "resolved": "https://registry.npmmirror.com/big.js/-/big.js-7.0.1.tgz",
      "integrity": "sha512-iFgV784tD8kq4ccF1xtNMZnXeZzVuXWWM+ERFzKQjv+A5G9HC8CY3DuV45vgzFFcW+u2tIvmF95+AzWgs6BjCg==",
      "license": "MIT",
      "engines": {
        "node": "*"
      },
      "funding": {
        "type": "opencollective",
        "url": "https://opencollective.com/bigjs"
      }
    },
    "node_modules/classnames": {
      "version": "2.5.1",
      "resolved": "https://registry.npmmirror.com/classnames/-/classnames-2.5.1.tgz",
      "integrity": "sha512-saHYOzhIQs6wy2sVxTM6bUDsQO4F50V9RQ22qBpEdCW+I+/Wmke2HOl6lS6dTpdxVhb88/I6+Hs+438c3lfUow==",
      "license": "MIT"
    },
    "node_modules/codemirror": {
      "version": "6.0.2",
      "resolved": "https://registry.npmmirror.com/codemirror/-/codemirror-6.0.2.tgz",
      "integrity": "sha512-VhydHotNW5w1UGK0Qj96BwSk/Zqbp9WbnyK2W/eVMv4QyF41INRGpjUhFJY7/uDNuudSc33a/PKr4iDqRduvHw==",
      "license": "MIT",
      "dependencies": {
        "@codemirror/autocomplete": "^6.0.0",
        "@codemirror/commands": "^6.0.0",
        "@codemirror/language": "^6.0.0",
        "@codemirror/lint": "^6.0.0",
        "@codemirror/search": "^6.0.0",
        "@codemirror/state": "^6.0.0",
        "@codemirror/view": "^6.0.0"
      }
    },
    "node_modules/contra": {
      "version": "1.9.4",
      "resolved": "https://registry.npmmirror.com/contra/-/contra-1.9.4.tgz",
      "integrity": "sha512-N9ArHAqwR/lhPq4OdIAwH4e1btn6EIZMAz4TazjnzCiVECcWUPTma+dRAM38ERImEJBh8NiCCpjoQruSZ+agYg==",
      "license": "MIT",
      "dependencies": {
        "atoa": "1.0.0",
        "ticky": "1.0.1"
      }
    },
    "node_modules/crelt": {
      "version": "1.0.7",
      "resolved": "https://registry.npmmirror.com/crelt/-/crelt-1.0.7.tgz",
      "integrity": "sha512-aK6BbWfhf4U/wCcLHKPJl/xa6VkVstRaPywWtMKGwuOLc/wZTyQYuoxgvZnNsBvv7Kg3YTBQYYBCggcviQczuA==",
      "license": "MIT"
    },
    "node_modules/didi": {
      "version": "11.0.0",
      "resolved": "https://registry.npmmirror.com/didi/-/didi-11.0.0.tgz",
      "integrity": "sha512-PzCfRzQttvFpVcYMbSF7h8EsWjeJpVjWH4qDhB5LkMi1ILvHq4Ob0vhM2wLFziPkbUBi+PAo7ODbe2sacR7nJQ==",
      "license": "MIT",
      "engines": {
        "node": ">= 20.12"
      }
    },
    "node_modules/domify": {
      "version": "3.0.0",
      "resolved": "https://registry.npmmirror.com/domify/-/domify-3.0.0.tgz",
      "integrity": "sha512-bs2yO68JDFOm6rKv8f0EnrM2cENduhRkpqOtt/s5l5JBA/eqGBZCzLPmdYoHtJ6utgLGgcBajFsEQbl12pT0lQ==",
      "license": "MIT",
      "engines": {
        "node": ">=20"
      },
      "funding": {
        "url": "https://github.com/sponsors/sindresorhus"
      }
    },
    "node_modules/dompurify": {
      "version": "3.4.12",
      "resolved": "https://registry.npmmirror.com/dompurify/-/dompurify-3.4.12.tgz",
      "integrity": "sha512-zQvGet8Z2sWbQhCmfFz/T5QWH2oBmjnqK3qvOjaqaNLrLEF912WamU+ohnTp0TCep/MFVHpdJuCZEdFOdTnEFg==",
      "license": "(MPL-2.0 OR Apache-2.0)",
      "optionalDependencies": {
        "@types/trusted-types": "^2.0.7"
      }
    },
    "node_modules/downloadjs": {
      "version": "1.4.7",
      "resolved": "https://registry.npmmirror.com/downloadjs/-/downloadjs-1.4.7.tgz",
      "integrity": "sha512-LN1gO7+u9xjU5oEScGFKvXhYf7Y/empUIIEAGBs1LzUq/rg5duiDrkuH5A2lQGd5jfMOb9X9usDa2oVXwJ0U/Q==",
      "license": "MIT"
    },
    "node_modules/feelers": {
      "version": "3.1.0",
      "resolved": "https://registry.npmmirror.com/feelers/-/feelers-3.1.0.tgz",
      "integrity": "sha512-xV6FvNe4s1xtJs+D4Yaf1gRNR16czlJwc/1EHpPgjSprLigvS6Uz+FC4geG03mdUGrYVy030kdHz5bFPVbbXEA==",
      "license": "MIT",
      "dependencies": {
        "@bpmn-io/feelin": "^6.1.0",
        "@bpmn-io/lezer-feelers": "^1.0.0"
      }
    },
    "node_modules/file-drops": {
      "version": "0.7.0",
      "resolved": "https://registry.npmmirror.com/file-drops/-/file-drops-0.7.0.tgz",
      "integrity": "sha512-uAlW8sf0ScP4p+wkn0cBtsFS8s75dZo3dtmuG7L7A9nLvzWQB3gKkBCXVfrGfxLQZZ609uAT0X0kPTT+ThbGNA==",
      "license": "MIT",
      "dependencies": {
        "min-dom": "^5.2.0"
      }
    },
    "node_modules/flatpickr": {
      "version": "4.6.13",
      "resolved": "https://registry.npmmirror.com/flatpickr/-/flatpickr-4.6.13.tgz",
      "integrity": "sha512-97PMG/aywoYpB4IvbvUJi0RQi8vearvU0oov1WW3k0WZPBMrTQVqekSX5CjSG/M4Q3i6A/0FKXC7RyAoAUUSPw==",
      "license": "MIT"
    },
    "node_modules/focus-trap": {
      "version": "8.2.2",
      "resolved": "https://registry.npmmirror.com/focus-trap/-/focus-trap-8.2.2.tgz",
      "integrity": "sha512-qV0g8hRYBqgACcFOH3f9wXc4zPKhr/0z9RI2a6ZijZ72EeBi4g8oBy8zAWuUR1TsMpOzwpUMFvjdasrC41Joug==",
      "license": "MIT",
      "dependencies": {
        "tabbable": "^6.5.0"
      }
    },
    "node_modules/ids": {
      "version": "3.0.2",
      "resolved": "https://registry.npmmirror.com/ids/-/ids-3.0.2.tgz",
      "integrity": "sha512-t6YJP4mdC+GHF96Nbis/4FEANhP/8VWmYMvUuYpXvSdrhg5hpIVbq2XZlOA3UWTbtdwPCi0q7jEXOdHkAnqOnw==",
      "license": "MIT",
      "engines": {
        "node": ">= 20.12"
      }
    },
    "node_modules/lodash": {
      "version": "4.18.1",
      "resolved": "https://registry.npmmirror.com/lodash/-/lodash-4.18.1.tgz",
      "integrity": "sha512-dMInicTPVE8d1e5otfwmmjlxkZoUpiVLwyeTdUsi/Caj/gfzzblBcCE5sRHV/AsjuCmxWrte2TNGSYuCeCq+0Q==",
      "license": "MIT"
    },
    "node_modules/luxon": {
      "version": "3.7.2",
      "resolved": "https://registry.npmmirror.com/luxon/-/luxon-3.7.2.tgz",
      "integrity": "sha512-vtEhXh/gNjI9Yg1u4jX/0YVPMvxzHuGgCm6tC5kZyb08yjGWGnqAjGJvcXbqQR2P3MyMEFnRbpcdFS6PBcLqew==",
      "license": "MIT",
      "engines": {
        "node": ">=12"
      }
    },
    "node_modules/marked": {
      "version": "18.0.7",
      "resolved": "https://registry.npmmirror.com/marked/-/marked-18.0.7.tgz",
      "integrity": "sha512-iDVQ5ldaiKXn6b2JroX5kgRfmwgqolW7NpaEzTl1k/2Zh1njIEN9yniyLV/mOvWwtsE8OGgkjsCYvijuPk1dtA==",
      "license": "MIT",
      "bin": {
        "marked": "bin/marked.js"
      },
      "engines": {
        "node": ">= 20"
      }
    },
    "node_modules/min-dash": {
      "version": "5.1.0",
      "resolved": "https://registry.npmmirror.com/min-dash/-/min-dash-5.1.0.tgz",
      "integrity": "sha512-HAvN6XzmCQj+js43G9sJRRw8kj/7DvoxN7qhoIN9Xo5ZN1NMljtpyKs/NunXmw0QSWwlgZzNv6tLeEa4xaZ0tg==",
      "license": "MIT"
    },
    "node_modules/min-dom": {
      "version": "5.3.0",
      "resolved": "https://registry.npmmirror.com/min-dom/-/min-dom-5.3.0.tgz",
      "integrity": "sha512-0w5FEBgPAyHhmFojW3zxd7we3D+m5XYS3E/06OyvxmbHJoiQVa4Nagj6RWvoAKYRw5xth6cP5TMePc5cR1M9hA==",
      "license": "MIT",
      "dependencies": {
        "domify": "^3.0.0",
        "min-dash": "^5.0.0"
      }
    },
    "node_modules/mitt": {
      "version": "3.0.1",
      "resolved": "https://registry.npmmirror.com/mitt/-/mitt-3.0.1.tgz",
      "integrity": "sha512-vKivATfr97l2/QBCYAkXYDbrIWPM2IIKEl7YPhjCvKlG3kE2gm+uBo6nEXK3M5/Ffh/FLpKExzOQ3JJoJGFKBw==",
      "license": "MIT"
    },
    "node_modules/preact": {
      "version": "10.29.7",
      "resolved": "https://registry.npmmirror.com/preact/-/preact-10.29.7.tgz",
      "integrity": "sha512-DCHYrK/B10yUD3ZjLfhZ3WIE/9Vf9VFUODcRE2dRomTYDpJk6z6L9wecSfhfE6M9ZTHUdyQkoC46arIDhEV84Q==",
      "license": "MIT",
      "funding": {
        "type": "opencollective",
        "url": "https://opencollective.com/preact"
      },
      "peerDependencies": {
        "preact-render-to-string": ">=5"
      },
      "peerDependenciesMeta": {
        "preact-render-to-string": {
          "optional": true
        }
      }
    },
    "node_modules/semver": {
      "version": "7.8.5",
      "resolved": "https://registry.npmmirror.com/semver/-/semver-7.8.5.tgz",
      "integrity": "sha512-Y7/KDsb8LjooZpwaqGyulO6DQlksgCncchHGk+sZIY4SBvUocMBEFH5Ur1fI4dV+Jvl0w6cjvucaIi40puRioA==",
      "license": "ISC",
      "bin": {
        "semver": "bin/semver.js"
      },
      "engines": {
        "node": ">=10"
      }
    },
    "node_modules/style-mod": {
      "version": "4.1.3",
      "resolved": "https://registry.npmmirror.com/style-mod/-/style-mod-4.1.3.tgz",
      "integrity": "sha512-i/n8VsZydrugj3Iuzll8+x/00GH2vnYsk1eomD8QiRrSAeW6ItbCQDtfXCeJHd0iwiNagqjQkvpvREEPtW3IoQ==",
      "license": "MIT"
    },
    "node_modules/tabbable": {
      "version": "6.5.0",
      "resolved": "https://registry.npmmirror.com/tabbable/-/tabbable-6.5.0.tgz",
      "integrity": "sha512-wieBHXygIm7OyQOu5hQlkk62/WyCFYGlWg7L6/ZCUZwx0o398Zkn4pVmMyfYhfMG8kGrj/Krt8eIk6UKC6VzwA==",
      "license": "MIT"
    },
    "node_modules/ticky": {
      "version": "1.0.1",
      "resolved": "https://registry.npmmirror.com/ticky/-/ticky-1.0.1.tgz",
      "integrity": "sha512-RX35iq/D+lrsqhcPWIazM9ELkjOe30MSeoBHQHSsRwd1YuhJO5ui1K1/R0r7N3mFvbLBs33idw+eR6j+w6i/DA==",
      "license": "MIT"
    },
    "node_modules/w3c-keyname": {
      "version": "2.2.8",
      "resolved": "https://registry.npmmirror.com/w3c-keyname/-/w3c-keyname-2.2.8.tgz",
      "integrity": "sha512-dpojBhNsCNN7T82Tm7k26A6G9ML3NkhDsnw9n/eoxSRlVBB4CEtIQ/KTCLI2Fwf3ataSXRhYFkQi3SlnFwPvPQ==",
      "license": "MIT"
    }
  }
}
