{
  "name": "lanpm-mindmap-plugin-deps",
  "version": "0.1.0",
  "lockfileVersion": 3,
  "requires": true,
  "packages": {
    "": {
      "name": "lanpm-mindmap-plugin-deps",
      "version": "0.1.0",
      "dependencies": {
        "mind-elixir": "^4.0.0"
      }
    },
    "node_modules/mind-elixir": {
      "version": "4.6.2",
      "resolved": "https://registry.npmmirror.com/mind-elixir/-/mind-elixir-4.6.2.tgz",
      "integrity": "sha512-KjIjInLbMtW7J68Hm+oJ/+g/fhG+h6kkJkU5HL1LgqLSIyKFQM4V5xogibbqm+9ycBmKu2TTOlE+5O2/3VZPtA==",
      "license": "MIT"
    }
  }
}
